
Microsoft Visual Studio Solution File, Format Version 12.00
# Visual Studio Version 16
VisualStudioVersion = 16.0.30517.126
MinimumVisualStudioVersion = 10.0.40219.1
Project("{FAE04EC0-301F-11D3-BF4B-00C04F79EFBC}") = "ToDo", "ToDo\ToDo.csproj", "{612BCDC8-6E3C-43FB-A7E0-8B522C0D235C}"
EndProject
Global
	GlobalSection(SolutionConfigurationPlatforms) = preSolution
		Debug|Any CPU = Debug|Any CPU
		Release|Any CPU = Release|Any CPU
	EndGlobalSection
	GlobalSection(ProjectConfigurationPlatforms) = postSolution
		{612BCDC8-6E3C-43FB-A7E0-8B522C0D235C}.Debug|Any CPU.ActiveCfg = Debug|Any CPU
		{612BCDC8-6E3C-43FB-A7E0-8B522C0D235C}.Debug|Any CPU.Build.0 = Debug|Any CPU
		{612BCDC8-6E3C-43FB-A7E0-8B522C0D235C}.Release|Any CPU.ActiveCfg = Release|Any CPU
		{612BCDC8-6E3C-43FB-A7E0-8B522C0D235C}.Release|Any CPU.Build.0 = Release|Any CPU
	EndGlobalSection
	GlobalSection(SolutionProperties) = preSolution
		HideSolutionNode = FALSE
	EndGlobalSection
	GlobalSection(ExtensibilityGlobals) = postSolution
		SolutionGuid = {8767E483-6BF3-4694-8DF7-A26F60CDC388}
	EndGlobalSection
EndGlobal
